
Microsoft Visual Studio Solution File, Format Version 12.00
# Visual Studio Version 17
VisualStudioVersion = 17.0.31903.59
MinimumVisualStudioVersion = 10.0.40219.1
Project("{FAE04EC0-301F-11D3-BF4B-00C04F79EFBC}") = "LLMJudgePipeline", "LLMJudgePipeline\LLMJudgePipeline.csproj", "{8B3E4C5D-9F2A-4E6B-8C3D-1A2B3C4D5E6F}"
EndProject
Project("{FAE04EC0-301F-11D3-BF4B-00C04F79EFBC}") = "LLMJudgePipeline.Tests", "LLMJudgePipeline.Tests\LLMJudgePipeline.Tests.csproj", "{29C50793-B4C2-49D5-A1E4-18E99C3C9317}"
EndProject
Global
	GlobalSection(SolutionConfigurationPlatforms) = preSolution
		Debug|Any CPU = Debug|Any CPU
		Debug|x64 = Debug|x64
		Debug|x86 = Debug|x86
		Release|Any CPU = Release|Any CPU
		Release|x64 = Release|x64
		Release|x86 = Release|x86
	EndGlobalSection
	GlobalSection(ProjectConfigurationPlatforms) = postSolution
		{8B3E4C5D-9F2A-4E6B-8C3D-1A2B3C4D5E6F}.Debug|Any CPU.ActiveCfg = Debug|Any CPU
		{8B3E4C5D-9F2A-4E6B-8C3D-1A2B3C4D5E6F}.Debug|Any CPU.Build.0 = Debug|Any CPU
		{8B3E4C5D-9F2A-4E6B-8C3D-1A2B3C4D5E6F}.Debug|x64.ActiveCfg = Debug|Any CPU
		{8B3E4C5D-9F2A-4E6B-8C3D-1A2B3C4D5E6F}.Debug|x64.Build.0 = Debug|Any CPU
		{8B3E4C5D-9F2A-4E6B-8C3D-1A2B3C4D5E6F}.Debug|x86.ActiveCfg = Debug|Any CPU
		{8B3E4C5D-9F2A-4E6B-8C3D-1A2B3C4D5E6F}.Debug|x86.Build.0 = Debug|Any CPU
		{8B3E4C5D-9F2A-4E6B-8C3D-1A2B3C4D5E6F}.Release|Any CPU.ActiveCfg = Release|Any CPU
		{8B3E4C5D-9F2A-4E6B-8C3D-1A2B3C4D5E6F}.Release|Any CPU.Build.0 = Release|Any CPU
		{8B3E4C5D-9F2A-4E6B-8C3D-1A2B3C4D5E6F}.Release|x64.ActiveCfg = Release|Any CPU
		{8B3E4C5D-9F2A-4E6B-8C3D-1A2B3C4D5E6F}.Release|x64.Build.0 = Release|Any CPU
		{8B3E4C5D-9F2A-4E6B-8C3D-1A2B3C4D5E6F}.Release|x86.ActiveCfg = Release|Any CPU
		{8B3E4C5D-9F2A-4E6B-8C3D-1A2B3C4D5E6F}.Release|x86.Build.0 = Release|Any CPU
		{29C50793-B4C2-49D5-A1E4-18E99C3C9317}.Debug|Any CPU.ActiveCfg = Debug|Any CPU
		{29C50793-B4C2-49D5-A1E4-18E99C3C9317}.Debug|Any CPU.Build.0 = Debug|Any CPU
		{29C50793-B4C2-49D5-A1E4-18E99C3C9317}.Debug|x64.ActiveCfg = Debug|Any CPU
		{29C50793-B4C2-49D5-A1E4-18E99C3C9317}.Debug|x64.Build.0 = Debug|Any CPU
		{29C50793-B4C2-49D5-A1E4-18E99C3C9317}.Debug|x86.ActiveCfg = Debug|Any CPU
		{29C50793-B4C2-49D5-A1E4-18E99C3C9317}.Debug|x86.Build.0 = Debug|Any CPU
		{29C50793-B4C2-49D5-A1E4-18E99C3C9317}.Release|Any CPU.ActiveCfg = Release|Any CPU
		{29C50793-B4C2-49D5-A1E4-18E99C3C9317}.Release|Any CPU.Build.0 = Release|Any CPU
		{29C50793-B4C2-49D5-A1E4-18E99C3C9317}.Release|x64.ActiveCfg = Release|Any CPU
		{29C50793-B4C2-49D5-A1E4-18E99C3C9317}.Release|x64.Build.0 = Release|Any CPU
		{29C50793-B4C2-49D5-A1E4-18E99C3C9317}.Release|x86.ActiveCfg = Release|Any CPU
		{29C50793-B4C2-49D5-A1E4-18E99C3C9317}.Release|x86.Build.0 = Release|Any CPU
	EndGlobalSection
	GlobalSection(SolutionProperties) = preSolution
		HideSolutionNode = FALSE
	EndGlobalSection
EndGlobal
